// !$*UTF8*$!
{
	archiveVersion = 1;
	classes = {
	};
	objectVersion = 77;
	objects = {

/* Begin PBXBuildFile section */
		3675C0A32CE5215C0009838C /* FirebaseAnalytics in Frameworks */ = {isa = PBXBuildFile; productRef = 3675C0A22CE5215C0009838C /* FirebaseAnalytics */; };
		3675C0A52CE5215C0009838C /* FirebaseAnalyticsOnDeviceConversion in Frameworks */ = {isa = PBXBuildFile; productRef = 3675C0A42CE5215C0009838C /* FirebaseAnalyticsOnDeviceConversion */; };
		3675C0A72CE5215C0009838C /* FirebaseAnalyticsWithoutAdIdSupport in Frameworks */ = {isa = PBXBuildFile; productRef = 3675C0A62CE5215C0009838C /* FirebaseAnalyticsWithoutAdIdSupport */; };
		3675C0A92CE5215C0009838C /* FirebaseAppCheck in Frameworks */ = {isa = PBXBuildFile; productRef = 3675C0A82CE5215C0009838C /* FirebaseAppCheck */; };
		3675C0AB2CE5215C0009838C /* FirebaseAuth in Frameworks */ = {isa = PBXBuildFile; productRef = 3675C0AA2CE5215C0009838C /* FirebaseAuth */; };
		3675C0AD2CE5215C0009838C /* FirebaseFirestore in Frameworks */ = {isa = PBXBuildFile; productRef = 3675C0AC2CE5215C0009838C /* FirebaseFirestore */; };
		3675C0AF2CE5215C0009838C /* FirebaseMessaging in Frameworks */ = {isa = PBXBuildFile; productRef = 3675C0AE2CE5215C0009838C /* FirebaseMessaging */; };
		3675C0B12CE5215C0009838C /* FirebaseStorage in Frameworks */ = {isa = PBXBuildFile; productRef = 3675C0B02CE5215C0009838C /* FirebaseStorage */; };
/* End PBXBuildFile section */

/* Begin PBXContainerItemProxy section */
		3675C07F2CE520240009838C /* PBXContainerItemProxy */ = {
			isa = PBXContainerItemProxy;
			containerPortal = 3675C0662CE520230009838C /* Project object */;
			proxyType = 1;
			remoteGlobalIDString = 3675C06D2CE520230009838C;
			remoteInfo = SOSIUP;
		};
		3675C0892CE520240009838C /* PBXContainerItemProxy */ = {
			isa = PBXContainerItemProxy;
			containerPortal = 3675C0662CE520230009838C /* Project object */;
			proxyType = 1;
			remoteGlobalIDString = 3675C06D2CE520230009838C;
			remoteInfo = SOSIUP;
		};
/* End PBXContainerItemProxy section */

/* Begin PBXFileReference section */
		3675C06E2CE520230009838C /* SOSIUP.app */ = {isa = PBXFileReference; explicitFileType = wrapper.application; includeInIndex = 0; path = SOSIUP.app; sourceTree = BUILT_PRODUCTS_DIR; };
		3675C07E2CE520240009838C /* SOSIUPTests.xctest */ = {isa = PBXFileReference; explicitFileType = wrapper.cfbundle; includeInIndex = 0; path = SOSIUPTests.xctest; sourceTree = BUILT_PRODUCTS_DIR; };
		3675C0882CE520240009838C /* SOSIUPUITests.xctest */ = {isa = PBXFileReference; explicitFileType = wrapper.cfbundle; includeInIndex = 0; path = SOSIUPUITests.xctest; sourceTree = BUILT_PRODUCTS_DIR; };
/* End PBXFileReference section */

/* Begin PBXFileSystemSynchronizedBuildFileExceptionSet section */
		3675C09F2CE520980009838C /* Exceptions for "SOSIUP" folder in "SOSIUPTests" target */ = {
			isa = PBXFileSystemSynchronizedBuildFileExceptionSet;
			membershipExceptions = (
				"GoogleService-Info.plist",
			);
			target = 3675C07D2CE520240009838C /* SOSIUPTests */;
		};
		3675C0A02CE520980009838C /* Exceptions for "SOSIUP" folder in "SOSIUPUITests" target */ = {
			isa = PBXFileSystemSynchronizedBuildFileExceptionSet;
			membershipExceptions = (
				"GoogleService-Info.plist",
			);
			target = 3675C0872CE520240009838C /* SOSIUPUITests */;
		};
/* End PBXFileSystemSynchronizedBuildFileExceptionSet section */

/* Begin PBXFileSystemSynchronizedRootGroup section */
		3675C0702CE520230009838C /* SOSIUP */ = {
			isa = PBXFileSystemSynchronizedRootGroup;
			exceptions = (
				3675C09F2CE520980009838C /* Exceptions for "SOSIUP" folder in "SOSIUPTests" target */,
				3675C0A02CE520980009838C /* Exceptions for "SOSIUP" folder in "SOSIUPUITests" target */,
			);
			path = SOSIUP;
			sourceTree = "<group>";
		};
		3675C0812CE520240009838C /* SOSIUPTests */ = {
			isa = PBXFileSystemSynchronizedRootGroup;
			path = SOSIUPTests;
			sourceTree = "<group>";
		};
		3675C08B2CE520240009838C /* SOSIUPUITests */ = {
			isa = PBXFileSystemSynchronizedRootGroup;
			path = SOSIUPUITests;
			sourceTree = "<group>";
		};
/* End PBXFileSystemSynchronizedRootGroup section */

/* Begin PBXFrameworksBuildPhase section */
		3675C06B2CE520230009838C /* Frameworks */ = {
			isa = PBXFrameworksBuildPhase;
			buildActionMask = 2147483647;
			files = (
				3675C0A92CE5215C0009838C /* FirebaseAppCheck in Frameworks */,
				3675C0AB2CE5215C0009838C /* FirebaseAuth in Frameworks */,
				3675C0AF2CE5215C0009838C /* FirebaseMessaging in Frameworks */,
				3675C0A32CE5215C0009838C /* FirebaseAnalytics in Frameworks */,
				3675C0A72CE5215C0009838C /* FirebaseAnalyticsWithoutAdIdSupport in Frameworks */,
				3675C0B12CE5215C0009838C /* FirebaseStorage in Frameworks */,
				3675C0A52CE5215C0009838C /* FirebaseAnalyticsOnDeviceConversion in Frameworks */,
				3675C0AD2CE5215C0009838C /* FirebaseFirestore in Frameworks */,
			);
			runOnlyForDeploymentPostprocessing = 0;
		};
		3675C07B2CE520240009838C /* Frameworks */ = {
			isa = PBXFrameworksBuildPhase;
			buildActionMask = 2147483647;
			files = (
			);
			runOnlyForDeploymentPostprocessing = 0;
		};
		3675C0852CE520240009838C /* Frameworks */ = {
			isa = PBXFrameworksBuildPhase;
			buildActionMask = 2147483647;
			files = (
			);
			runOnlyForDeploymentPostprocessing = 0;
		};
/* End PBXFrameworksBuildPhase section */

/* Begin PBXGroup section */
		3675C0652CE520230009838C = {
			isa = PBXGroup;
			children = (
				3675C0702CE520230009838C /* SOSIUP */,
				3675C0812CE520240009838C /* SOSIUPTests */,
				3675C08B2CE520240009838C /* SOSIUPUITests */,
				3675C06F2CE520230009838C /* Products */,
			);
			sourceTree = "<group>";
		};
		3675C06F2CE520230009838C /* Products */ = {
			isa = PBXGroup;
			children = (
				3675C06E2CE520230009838C /* SOSIUP.app */,
				3675C07E2CE520240009838C /* SOSIUPTests.xctest */,
				3675C0882CE520240009838C /* SOSIUPUITests.xctest */,
			);
			name = Products;
			sourceTree = "<group>";
		};
/* End PBXGroup section */

/* Begin PBXNativeTarget section */
		3675C06D2CE520230009838C /* SOSIUP */ = {
			isa = PBXNativeTarget;
			buildConfigurationList = 3675C0922CE520240009838C /* Build configuration list for PBXNativeTarget "SOSIUP" */;
			buildPhases = (
				3675C06A2CE520230009838C /* Sources */,
				3675C06B2CE520230009838C /* Frameworks */,
				3675C06C2CE520230009838C /* Resources */,
			);
			buildRules = (
			);
			dependencies = (
			);
			fileSystemSynchronizedGroups = (
				3675C0702CE520230009838C /* SOSIUP */,
			);
			name = SOSIUP;
			packageProductDependencies = (
				3675C0A22CE5215C0009838C /* FirebaseAnalytics */,
				3675C0A42CE5215C0009838C /* FirebaseAnalyticsOnDeviceConversion */,
				3675C0A62CE5215C0009838C /* FirebaseAnalyticsWithoutAdIdSupport */,
				3675C0A82CE5215C0009838C /* FirebaseAppCheck */,
				3675C0AA2CE5215C0009838C /* FirebaseAuth */,
				3675C0AC2CE5215C0009838C /* FirebaseFirestore */,
				3675C0AE2CE5215C0009838C /* FirebaseMessaging */,
				3675C0B02CE5215C0009838C /* FirebaseStorage */,
			);
			productName = SOSIUP;
			productReference = 3675C06E2CE520230009838C /* SOSIUP.app */;
			productType = "com.apple.product-type.application";
		};
		3675C07D2CE520240009838C /* SOSIUPTests */ = {
			isa = PBXNativeTarget;
			buildConfigurationList = 3675C0952CE520240009838C /* Build configuration list for PBXNativeTarget "SOSIUPTests" */;
			buildPhases = (
				3675C07A2CE520240009838C /* Sources */,
				3675C07B2CE520240009838C /* Frameworks */,
				3675C07C2CE520240009838C /* Resources */,
			);
			buildRules = (
			);
			dependencies = (
				3675C0802CE520240009838C /* PBXTargetDependency */,
			);
			fileSystemSynchronizedGroups = (
				3675C0812CE520240009838C /* SOSIUPTests */,
			);
			name = SOSIUPTests;
			packageProductDependencies = (
			);
			productName = SOSIUPTests;
			productReference = 3675C07E2CE520240009838C /* SOSIUPTests.xctest */;
			productType = "com.apple.product-type.bundle.unit-test";
		};
		3675C0872CE520240009838C /* SOSIUPUITests */ = {
			isa = PBXNativeTarget;
			buildConfigurationList = 3675C0982CE520240009838C /* Build configuration list for PBXNativeTarget "SOSIUPUITests" */;
			buildPhases = (
				3675C0842CE520240009838C /* Sources */,
				3675C0852CE520240009838C /* Frameworks */,
				3675C0862CE520240009838C /* Resources */,
			);
			buildRules = (
			);
			dependencies = (
				3675C08A2CE520240009838C /* PBXTargetDependency */,
			);
			fileSystemSynchronizedGroups = (
				3675C08B2CE520240009838C /* SOSIUPUITests */,
			);
			name = SOSIUPUITests;
			packageProductDependencies = (
			);
			productName = SOSIUPUITests;
			productReference = 3675C0882CE520240009838C /* SOSIUPUITests.xctest */;
			productType = "com.apple.product-type.bundle.ui-testing";
		};
/* End PBXNativeTarget section */

/* Begin PBXProject section */
		3675C0662CE520230009838C /* Project object */ = {
			isa = PBXProject;
			attributes = {
				BuildIndependentTargetsInParallel = 1;
				LastSwiftUpdateCheck = 1620;
				LastUpgradeCheck = 1620;
				TargetAttributes = {
					3675C06D2CE520230009838C = {
						CreatedOnToolsVersion = 16.2;
					};
					3675C07D2CE520240009838C = {
						CreatedOnToolsVersion = 16.2;
						TestTargetID = 3675C06D2CE520230009838C;
					};
					3675C0872CE520240009838C = {
						CreatedOnToolsVersion = 16.2;
						TestTargetID = 3675C06D2CE520230009838C;
					};
				};
			};
			buildConfigurationList = 3675C0692CE520230009838C /* Build configuration list for PBXProject "SOSIUP" */;
			developmentRegion = en;
			hasScannedForEncodings = 0;
			knownRegions = (
				en,
				Base,
			);
			mainGroup = 3675C0652CE520230009838C;
			minimizedProjectReferenceProxies = 1;
			packageReferences = (
				3675C0A12CE5215C0009838C /* XCRemoteSwiftPackageReference "firebase-ios-sdk" */,
			);
			preferredProjectObjectVersion = 77;
			productRefGroup = 3675C06F2CE520230009838C /* Products */;
			projectDirPath = "";
			projectRoot = "";
			targets = (
				3675C06D2CE520230009838C /* SOSIUP */,
				3675C07D2CE520240009838C /* SOSIUPTests */,
				3675C0872CE520240009838C /* SOSIUPUITests */,
			);
		};
/* End PBXProject section */

/* Begin PBXResourcesBuildPhase section */
		3675C06C2CE520230009838C /* Resources */ = {
			isa = PBXResourcesBuildPhase;
			buildActionMask = 2147483647;
			files = (
			);
			runOnlyForDeploymentPostprocessing = 0;
		};
		3675C07C2CE520240009838C /* Resources */ = {
			isa = PBXResourcesBuildPhase;
			buildActionMask = 2147483647;
			files = (
			);
			runOnlyForDeploymentPostprocessing = 0;
		};
		3675C0862CE520240009838C /* Resources */ = {
			isa = PBXResourcesBuildPhase;
			buildActionMask = 2147483647;
			files = (
			);
			runOnlyForDeploymentPostprocessing = 0;
		};
/* End PBXResourcesBuildPhase section */

/* Begin PBXSourcesBuildPhase section */
		3675C06A2CE520230009838C /* Sources */ = {
			isa = PBXSourcesBuildPhase;
			buildActionMask = 2147483647;
			files = (
			);
			runOnlyForDeploymentPostprocessing = 0;
		};
		3675C07A2CE520240009838C /* Sources */ = {
			isa = PBXSourcesBuildPhase;
			buildActionMask = 2147483647;
			files = (
			);
			runOnlyForDeploymentPostprocessing = 0;
		};
		3675C0842CE520240009838C /* Sources */ = {
			isa = PBXSourcesBuildPhase;
			buildActionMask = 2147483647;
			files = (
			);
			runOnlyForDeploymentPostprocessing = 0;
		};
/* End PBXSourcesBuildPhase section */

/* Begin PBXTargetDependency section */
		3675C0802CE520240009838C /* PBXTargetDependency */ = {
			isa = PBXTargetDependency;
			target = 3675C06D2CE520230009838C /* SOSIUP */;
			targetProxy = 3675C07F2CE520240009838C /* PBXContainerItemProxy */;
		};
		3675C08A2CE520240009838C /* PBXTargetDependency */ = {
			isa = PBXTargetDependency;
			target = 3675C06D2CE520230009838C /* SOSIUP */;
			targetProxy = 3675C0892CE520240009838C /* PBXContainerItemProxy */;
		};
/* End PBXTargetDependency section */

/* Begin XCBuildConfiguration section */
		3675C0902CE520240009838C /* Debug */ = {
			isa = XCBuildConfiguration;
			buildSettings = {
				ALWAYS_SEARCH_USER_PATHS = NO;
				ASSETCATALOG_COMPILER_GENERATE_SWIFT_ASSET_SYMBOL_EXTENSIONS = YES;
				CLANG_ANALYZER_NONNULL = YES;
				CLANG_ANALYZER_NUMBER_OBJECT_CONVERSION = YES_AGGRESSIVE;
				CLANG_CXX_LANGUAGE_STANDARD = "gnu++20";
				CLANG_ENABLE_MODULES = YES;
				CLANG_ENABLE_OBJC_ARC = YES;
				CLANG_ENABLE_OBJC_WEAK = YES;
				CLANG_WARN_BLOCK_CAPTURE_AUTORELEASING = YES;
				CLANG_WARN_BOOL_CONVERSION = YES;
				CLANG_WARN_COMMA = YES;
				CLANG_WARN_CONSTANT_CONVERSION = YES;
				CLANG_WARN_DEPRECATED_OBJC_IMPLEMENTATIONS = YES;
				CLANG_WARN_DIRECT_OBJC_ISA_USAGE = YES_ERROR;
				CLANG_WARN_DOCUMENTATION_COMMENTS = YES;
				CLANG_WARN_EMPTY_BODY = YES;
				CLANG_WARN_ENUM_CONVERSION = YES;
				CLANG_WARN_INFINITE_RECURSION = YES;
				CLANG_WARN_INT_CONVERSION = YES;
				CLANG_WARN_NON_LITERAL_NULL_CONVERSION = YES;
				CLANG_WARN_OBJC_IMPLICIT_RETAIN_SELF = YES;
				CLANG_WARN_OBJC_LITERAL_CONVERSION = YES;
				CLANG_WARN_OBJC_ROOT_CLASS = YES_ERROR;
				CLANG_WARN_QUOTED_INCLUDE_IN_FRAMEWORK_HEADER = YES;
				CLANG_WARN_RANGE_LOOP_ANALYSIS = YES;
				CLANG_WARN_STRICT_PROTOTYPES = YES;
				CLANG_WARN_SUSPICIOUS_MOVE = YES;
				CLANG_WARN_UNGUARDED_AVAILABILITY = YES_AGGRESSIVE;
				CLANG_WARN_UNREACHABLE_CODE = YES;
				CLANG_WARN__DUPLICATE_METHOD_MATCH = YES;
				COPY_PHASE_STRIP = NO;
				DEBUG_INFORMATION_FORMAT = dwarf;
				ENABLE_STRICT_OBJC_MSGSEND = YES;
				ENABLE_TESTABILITY = YES;
				ENABLE_USER_SCRIPT_SANDBOXING = YES;
				GCC_C_LANGUAGE_STANDARD = gnu17;
				GCC_DYNAMIC_NO_PIC = NO;
				GCC_NO_COMMON_BLOCKS = YES;
				GCC_OPTIMIZATION_LEVEL = 0;
				GCC_PREPROCESSOR_DEFINITIONS = (
					"DEBUG=1",
					"$(inherited)",
				);
				GCC_WARN_64_TO_32_BIT_CONVERSION = YES;
				GCC_WARN_ABOUT_RETURN_TYPE = YES_ERROR;
				GCC_WARN_UNDECLARED_SELECTOR = YES;
				GCC_WARN_UNINITIALIZED_AUTOS = YES_AGGRESSIVE;
				GCC_WARN_UNUSED_FUNCTION = YES;
				GCC_WARN_UNUSED_VARIABLE = YES;
				IPHONEOS_DEPLOYMENT_TARGET = 18.2;
				LOCALIZATION_PREFERS_STRING_CATALOGS = YES;
				MTL_ENABLE_DEBUG_INFO = INCLUDE_SOURCE;
				MTL_FAST_MATH = YES;
				ONLY_ACTIVE_ARCH = YES;
				SDKROOT = iphoneos;
				SWIFT_ACTIVE_COMPILATION_CONDITIONS = "DEBUG $(inherited)";
				SWIFT_OPTIMIZATION_LEVEL = "-Onone";
			};
			name = Debug;
		};
		3675C0912CE520240009838C /* Release */ = {
			isa = XCBuildConfiguration;
			buildSettings = {
				ALWAYS_SEARCH_USER_PATHS = NO;
				ASSETCATALOG_COMPILER_GENERATE_SWIFT_ASSET_SYMBOL_EXTENSIONS = YES;
				CLANG_ANALYZER_NONNULL = YES;
				CLANG_ANALYZER_NUMBER_OBJECT_CONVERSION = YES_AGGRESSIVE;
				CLANG_CXX_LANGUAGE_STANDARD = "gnu++20";
				CLANG_ENABLE_MODULES = YES;
				CLANG_ENABLE_OBJC_ARC = YES;
				CLANG_ENABLE_OBJC_WEAK = YES;
				CLANG_WARN_BLOCK_CAPTURE_AUTORELEASING = YES;
				CLANG_WARN_BOOL_CONVERSION = YES;
				CLANG_WARN_COMMA = YES;
				CLANG_WARN_CONSTANT_CONVERSION = YES;
				CLANG_WARN_DEPRECATED_OBJC_IMPLEMENTATIONS = YES;
				CLANG_WARN_DIRECT_OBJC_ISA_USAGE = YES_ERROR;
				CLANG_WARN_DOCUMENTATION_COMMENTS = YES;
				CLANG_WARN_EMPTY_BODY = YES;
				CLANG_WARN_ENUM_CONVERSION = YES;
				CLANG_WARN_INFINITE_RECURSION = YES;
				CLANG_WARN_INT_CONVERSION = YES;
				CLANG_WARN_NON_LITERAL_NULL_CONVERSION = YES;
				CLANG_WARN_OBJC_IMPLICIT_RETAIN_SELF = YES;
				CLANG_WARN_OBJC_LITERAL_CONVERSION = YES;
				CLANG_WARN_OBJC_ROOT_CLASS = YES_ERROR;
				CLANG_WARN_QUOTED_INCLUDE_IN_FRAMEWORK_HEADER = YES;
				CLANG_WARN_RANGE_LOOP_ANALYSIS = YES;
				CLANG_WARN_STRICT_PROTOTYPES = YES;
				CLANG_WARN_SUSPICIOUS_MOVE = YES;
				CLANG_WARN_UNGUARDED_AVAILABILITY = YES_AGGRESSIVE;
				CLANG_WARN_UNREACHABLE_CODE = YES;
				CLANG_WARN__DUPLICATE_METHOD_MATCH = YES;
				COPY_PHASE_STRIP = NO;
				DEBUG_INFORMATION_FORMAT = "dwarf-with-dsym";
				ENABLE_NS_ASSERTIONS = NO;
				ENABLE_STRICT_OBJC_MSGSEND = YES;
				ENABLE_USER_SCRIPT_SANDBOXING = YES;
				GCC_C_LANGUAGE_STANDARD = gnu17;
				GCC_NO_COMMON_BLOCKS = YES;
				GCC_WARN_64_TO_32_BIT_CONVERSION = YES;
				GCC_WARN_ABOUT_RETURN_TYPE = YES_ERROR;
				GCC_WARN_UNDECLARED_SELECTOR = YES;
				GCC_WARN_UNINITIALIZED_AUTOS = YES_AGGRESSIVE;
				GCC_WARN_UNUSED_FUNCTION = YES;
				GCC_WARN_UNUSED_VARIABLE = YES;
				IPHONEOS_DEPLOYMENT_TARGET = 18.2;
				LOCALIZATION_PREFERS_STRING_CATALOGS = YES;
				MTL_ENABLE_DEBUG_INFO = NO;
				MTL_FAST_MATH = YES;
				SDKROOT = iphoneos;
				SWIFT_COMPILATION_MODE = wholemodule;
				VALIDATE_PRODUCT = YES;
			};
			name = Release;
		};
		3675C0932CE520240009838C /* Debug */ = {
			isa = XCBuildConfiguration;
			buildSettings = {
				ASSETCATALOG_COMPILER_APPICON_NAME = AppIcon;
				ASSETCATALOG_COMPILER_GLOBAL_ACCENT_COLOR_NAME = AccentColor;
				CODE_SIGN_STYLE = Automatic;
				CURRENT_PROJECT_VERSION = 1;
				DEVELOPMENT_ASSET_PATHS = "\"SOSIUP/Preview Content\"";
				DEVELOPMENT_TEAM = M8G66Y675K;
				ENABLE_PREVIEWS = YES;
				GENERATE_INFOPLIST_FILE = YES;
				INFOPLIST_KEY_UIApplicationSceneManifest_Generation = YES;
				INFOPLIST_KEY_UIApplicationSupportsIndirectInputEvents = YES;
				INFOPLIST_KEY_UILaunchScreen_Generation = YES;
				INFOPLIST_KEY_UISupportedInterfaceOrientations_iPad = "UIInterfaceOrientationPortrait UIInterfaceOrientationPortraitUpsideDown UIInterfaceOrientationLandscapeLeft UIInterfaceOrientationLandscapeRight";
				INFOPLIST_KEY_UISupportedInterfaceOrientations_iPhone = "UIInterfaceOrientationPortrait UIInterfaceOrientationLandscapeLeft UIInterfaceOrientationLandscapeRight";
				LD_RUNPATH_SEARCH_PATHS = (
					"$(inherited)",
					"@executable_path/Frameworks",
				);
				MARKETING_VERSION = 1.0;
				PRODUCT_BUNDLE_IDENTIFIER = com.ilgaraydogan.SOSIUP;
				PRODUCT_NAME = "$(TARGET_NAME)";
				SWIFT_EMIT_LOC_STRINGS = YES;
				SWIFT_VERSION = 5.0;
				TARGETED_DEVICE_FAMILY = "1,2";
			};
			name = Debug;
		};
		3675C0942CE520240009838C /* Release */ = {
			isa = XCBuildConfiguration;
			buildSettings = {
				ASSETCATALOG_COMPILER_APPICON_NAME = AppIcon;
				ASSETCATALOG_COMPILER_GLOBAL_ACCENT_COLOR_NAME = AccentColor;
				CODE_SIGN_STYLE = Automatic;
				CURRENT_PROJECT_VERSION = 1;
				DEVELOPMENT_ASSET_PATHS = "\"SOSIUP/Preview Content\"";
				DEVELOPMENT_TEAM = M8G66Y675K;
				ENABLE_PREVIEWS = YES;
				GENERATE_INFOPLIST_FILE = YES;
				INFOPLIST_KEY_UIApplicationSceneManifest_Generation = YES;
				INFOPLIST_KEY_UIApplicationSupportsIndirectInputEvents = YES;
				INFOPLIST_KEY_UILaunchScreen_Generation = YES;
				INFOPLIST_KEY_UISupportedInterfaceOrientations_iPad = "UIInterfaceOrientationPortrait UIInterfaceOrientationPortraitUpsideDown UIInterfaceOrientationLandscapeLeft UIInterfaceOrientationLandscapeRight";
				INFOPLIST_KEY_UISupportedInterfaceOrientations_iPhone = "UIInterfaceOrientationPortrait UIInterfaceOrientationLandscapeLeft UIInterfaceOrientationLandscapeRight";
				LD_RUNPATH_SEARCH_PATHS = (
					"$(inherited)",
					"@executable_path/Frameworks",
				);
				MARKETING_VERSION = 1.0;
				PRODUCT_BUNDLE_IDENTIFIER = com.ilgaraydogan.SOSIUP;
				PRODUCT_NAME = "$(TARGET_NAME)";
				SWIFT_EMIT_LOC_STRINGS = YES;
				SWIFT_VERSION = 5.0;
				TARGETED_DEVICE_FAMILY = "1,2";
			};
			name = Release;
		};
		3675C0962CE520240009838C /* Debug */ = {
			isa = XCBuildConfiguration;
			buildSettings = {
				BUNDLE_LOADER = "$(TEST_HOST)";
				CODE_SIGN_STYLE = Automatic;
				CURRENT_PROJECT_VERSION = 1;
				DEVELOPMENT_TEAM = M8G66Y675K;
				GENERATE_INFOPLIST_FILE = YES;
				IPHONEOS_DEPLOYMENT_TARGET = 18.2;
				MARKETING_VERSION = 1.0;
				PRODUCT_BUNDLE_IDENTIFIER = com.ilgaraydogan.SOSIUPTests;
				PRODUCT_NAME = "$(TARGET_NAME)";
				SWIFT_EMIT_LOC_STRINGS = NO;
				SWIFT_VERSION = 5.0;
				TARGETED_DEVICE_FAMILY = "1,2";
				TEST_HOST = "$(BUILT_PRODUCTS_DIR)/SOSIUP.app/$(BUNDLE_EXECUTABLE_FOLDER_PATH)/SOSIUP";
			};
			name = Debug;
		};
		3675C0972CE520240009838C /* Release */ = {
			isa = XCBuildConfiguration;
			buildSettings = {
				BUNDLE_LOADER = "$(TEST_HOST)";
				CODE_SIGN_STYLE = Automatic;
				CURRENT_PROJECT_VERSION = 1;
				DEVELOPMENT_TEAM = M8G66Y675K;
				GENERATE_INFOPLIST_FILE = YES;
				IPHONEOS_DEPLOYMENT_TARGET = 18.2;
				MARKETING_VERSION = 1.0;
				PRODUCT_BUNDLE_IDENTIFIER = com.ilgaraydogan.SOSIUPTests;
				PRODUCT_NAME = "$(TARGET_NAME)";
				SWIFT_EMIT_LOC_STRINGS = NO;
				SWIFT_VERSION = 5.0;
				TARGETED_DEVICE_FAMILY = "1,2";
				TEST_HOST = "$(BUILT_PRODUCTS_DIR)/SOSIUP.app/$(BUNDLE_EXECUTABLE_FOLDER_PATH)/SOSIUP";
			};
			name = Release;
		};
		3675C0992CE520240009838C /* Debug */ = {
			isa = XCBuildConfiguration;
			buildSettings = {
				CODE_SIGN_STYLE = Automatic;
				CURRENT_PROJECT_VERSION = 1;
				DEVELOPMENT_TEAM = M8G66Y675K;
				GENERATE_INFOPLIST_FILE = YES;
				MARKETING_VERSION = 1.0;
				PRODUCT_BUNDLE_IDENTIFIER = com.ilgaraydogan.SOSIUPUITests;
				PRODUCT_NAME = "$(TARGET_NAME)";
				SWIFT_EMIT_LOC_STRINGS = NO;
				SWIFT_VERSION = 5.0;
				TARGETED_DEVICE_FAMILY = "1,2";
				TEST_TARGET_NAME = SOSIUP;
			};
			name = Debug;
		};
		3675C09A2CE520240009838C /* Release */ = {
			isa = XCBuildConfiguration;
			buildSettings = {
				CODE_SIGN_STYLE = Automatic;
				CURRENT_PROJECT_VERSION = 1;
				DEVELOPMENT_TEAM = M8G66Y675K;
				GENERATE_INFOPLIST_FILE = YES;
				MARKETING_VERSION = 1.0;
				PRODUCT_BUNDLE_IDENTIFIER = com.ilgaraydogan.SOSIUPUITests;
				PRODUCT_NAME = "$(TARGET_NAME)";
				SWIFT_EMIT_LOC_STRINGS = NO;
				SWIFT_VERSION = 5.0;
				TARGETED_DEVICE_FAMILY = "1,2";
				TEST_TARGET_NAME = SOSIUP;
			};
			name = Release;
		};
/* End XCBuildConfiguration section */

/* Begin XCConfigurationList section */
		3675C0692CE520230009838C /* Build configuration list for PBXProject "SOSIUP" */ = {
			isa = XCConfigurationList;
			buildConfigurations = (
				3675C0902CE520240009838C /* Debug */,
				3675C0912CE520240009838C /* Release */,
			);
			defaultConfigurationIsVisible = 0;
			defaultConfigurationName = Release;
		};
		3675C0922CE520240009838C /* Build configuration list for PBXNativeTarget "SOSIUP" */ = {
			isa = XCConfigurationList;
			buildConfigurations = (
				3675C0932CE520240009838C /* Debug */,
				3675C0942CE520240009838C /* Release */,
			);
			defaultConfigurationIsVisible = 0;
			defaultConfigurationName = Release;
		};
		3675C0952CE520240009838C /* Build configuration list for PBXNativeTarget "SOSIUPTests" */ = {
			isa = XCConfigurationList;
			buildConfigurations = (
				3675C0962CE520240009838C /* Debug */,
				3675C0972CE520240009838C /* Release */,
			);
			defaultConfigurationIsVisible = 0;
			defaultConfigurationName = Release;
		};
		3675C0982CE520240009838C /* Build configuration list for PBXNativeTarget "SOSIUPUITests" */ = {
			isa = XCConfigurationList;
			buildConfigurations = (
				3675C0992CE520240009838C /* Debug */,
				3675C09A2CE520240009838C /* Release */,
			);
			defaultConfigurationIsVisible = 0;
			defaultConfigurationName = Release;
		};
/* End XCConfigurationList section */

/* Begin XCRemoteSwiftPackageReference section */
		3675C0A12CE5215C0009838C /* XCRemoteSwiftPackageReference "firebase-ios-sdk" */ = {
			isa = XCRemoteSwiftPackageReference;
			repositoryURL = "https://github.com/firebase/firebase-ios-sdk";
			requirement = {
				kind = upToNextMajorVersion;
				minimumVersion = 11.5.0;
			};
		};
/* End XCRemoteSwiftPackageReference section */

/* Begin XCSwiftPackageProductDependency section */
		3675C0A22CE5215C0009838C /* FirebaseAnalytics */ = {
			isa = XCSwiftPackageProductDependency;
			package = 3675C0A12CE5215C0009838C /* XCRemoteSwiftPackageReference "firebase-ios-sdk" */;
			productName = FirebaseAnalytics;
		};
		3675C0A42CE5215C0009838C /* FirebaseAnalyticsOnDeviceConversion */ = {
			isa = XCSwiftPackageProductDependency;
			package = 3675C0A12CE5215C0009838C /* XCRemoteSwiftPackageReference "firebase-ios-sdk" */;
			productName = FirebaseAnalyticsOnDeviceConversion;
		};
		3675C0A62CE5215C0009838C /* FirebaseAnalyticsWithoutAdIdSupport */ = {
			isa = XCSwiftPackageProductDependency;
			package = 3675C0A12CE5215C0009838C /* XCRemoteSwiftPackageReference "firebase-ios-sdk" */;
			productName = FirebaseAnalyticsWithoutAdIdSupport;
		};
		3675C0A82CE5215C0009838C /* FirebaseAppCheck */ = {
			isa = XCSwiftPackageProductDependency;
			package = 3675C0A12CE5215C0009838C /* XCRemoteSwiftPackageReference "firebase-ios-sdk" */;
			productName = FirebaseAppCheck;
		};
		3675C0AA2CE5215C0009838C /* FirebaseAuth */ = {
			isa = XCSwiftPackageProductDependency;
			package = 3675C0A12CE5215C0009838C /* XCRemoteSwiftPackageReference "firebase-ios-sdk" */;
			productName = FirebaseAuth;
		};
		3675C0AC2CE5215C0009838C /* FirebaseFirestore */ = {
			isa = XCSwiftPackageProductDependency;
			package = 3675C0A12CE5215C0009838C /* XCRemoteSwiftPackageReference "firebase-ios-sdk" */;
			productName = FirebaseFirestore;
		};
		3675C0AE2CE5215C0009838C /* FirebaseMessaging */ = {
			isa = XCSwiftPackageProductDependency;
			package = 3675C0A12CE5215C0009838C /* XCRemoteSwiftPackageReference "firebase-ios-sdk" */;
			productName = FirebaseMessaging;
		};
		3675C0B02CE5215C0009838C /* FirebaseStorage */ = {
			isa = XCSwiftPackageProductDependency;
			package = 3675C0A12CE5215C0009838C /* XCRemoteSwiftPackageReference "firebase-ios-sdk" */;
			productName = FirebaseStorage;
		};
/* End XCSwiftPackageProductDependency section */
	};
	rootObject = 3675C0662CE520230009838C /* Project object */;
}
